# generated by rye
# use `rye lock` or `rye sync` to update this lockfile
#
# last locked with the following flags:
#   pre: false
#   features: []
#   all-features: false
#   with-sources: false

-e file:.
absl-py==2.1.0
    # via keras
    # via mediapipe
    # via tensorboard
    # via tensorflow-intel
annotated-types==0.7.0
    # via pydantic
anyio==4.3.0
    # via httpx
    # via starlette
    # via watchfiles
astunparse==1.6.3
    # via tensorflow-intel
attrs==23.2.0
    # via mediapipe
certifi==2024.2.2
    # via httpcore
    # via httpx
    # via requests
cffi==1.16.0
    # via sounddevice
charset-normalizer==3.3.2
    # via requests
click==8.1.7
    # via typer
    # via uvicorn
colorama==0.4.6
    # via click
    # via uvicorn
contourpy==1.2.1
    # via matplotlib
cycler==0.12.1
    # via matplotlib
dnspython==2.6.1
    # via email-validator
email-validator==2.1.1
    # via fastapi
fastapi==0.111.0
    # via mystroke-api
fastapi-cli==0.0.4
    # via fastapi
flatbuffers==24.3.25
    # via mediapipe
    # via tensorflow-intel
fonttools==4.52.1
    # via matplotlib
gast==0.5.4
    # via tensorflow-intel
google-pasta==0.2.0
    # via tensorflow-intel
grpcio==1.64.0
    # via tensorboard
    # via tensorflow-intel
h11==0.14.0
    # via httpcore
    # via uvicorn
h5py==3.11.0
    # via keras
    # via tensorflow-intel
httpcore==1.0.5
    # via httpx
httptools==0.6.1
    # via uvicorn
httpx==0.27.0
    # via fastapi
idna==3.7
    # via anyio
    # via email-validator
    # via httpx
    # via requests
jax==0.4.28
    # via mediapipe
jaxlib==0.4.28
    # via mediapipe
jinja2==3.1.4
    # via fastapi
keras==3.3.3
    # via tensorflow-intel
kiwisolver==1.4.5
    # via matplotlib
libclang==18.1.1
    # via tensorflow-intel
markdown==3.6
    # via tensorboard
markdown-it-py==3.0.0
    # via rich
markupsafe==2.1.5
    # via jinja2
    # via werkzeug
matplotlib==3.9.0
    # via mediapipe
mdurl==0.1.2
    # via markdown-it-py
mediapipe==0.10.14
    # via mystroke-api
ml-dtypes==0.3.2
    # via jax
    # via jaxlib
    # via keras
    # via tensorflow-intel
namex==0.0.8
    # via keras
numpy==1.26.4
    # via contourpy
    # via h5py
    # via jax
    # via jaxlib
    # via keras
    # via matplotlib
    # via mediapipe
    # via ml-dtypes
    # via opencv-contrib-python
    # via opencv-python
    # via opt-einsum
    # via scipy
    # via tensorboard
    # via tensorflow-intel
opencv-contrib-python==4.9.0.80
    # via mediapipe
opencv-python==4.9.0.80
    # via mystroke-api
opt-einsum==3.3.0
    # via jax
    # via tensorflow-intel
optree==0.11.0
    # via keras
orjson==3.10.3
    # via fastapi
packaging==24.0
    # via matplotlib
    # via tensorflow-intel
pillow==10.3.0
    # via matplotlib
    # via mystroke-api
protobuf==4.25.3
    # via mediapipe
    # via tensorboard
    # via tensorflow-intel
pycparser==2.22
    # via cffi
pydantic==2.7.1
    # via fastapi
pydantic-core==2.18.2
    # via pydantic
pygments==2.18.0
    # via rich
pyparsing==3.1.2
    # via matplotlib
python-dateutil==2.9.0.post0
    # via matplotlib
python-dotenv==1.0.1
    # via uvicorn
python-multipart==0.0.9
    # via fastapi
pyyaml==6.0.1
    # via uvicorn
requests==2.32.2
    # via tensorflow-intel
rich==13.7.1
    # via keras
    # via typer
scipy==1.13.1
    # via jax
    # via jaxlib
setuptools==70.0.0
    # via tensorboard
    # via tensorflow-intel
shellingham==1.5.4
    # via typer
six==1.16.0
    # via astunparse
    # via google-pasta
    # via python-dateutil
    # via tensorboard
    # via tensorflow-intel
sniffio==1.3.1
    # via anyio
    # via httpx
sounddevice==0.4.6
    # via mediapipe
starlette==0.37.2
    # via fastapi
tensorboard==2.16.2
    # via tensorflow-intel
tensorboard-data-server==0.7.2
    # via tensorboard
tensorflow==2.16.1
    # via mystroke-api
tensorflow-intel==2.16.1
    # via tensorflow
termcolor==2.4.0
    # via tensorflow-intel
typer==0.12.3
    # via fastapi-cli
typing-extensions==4.12.0
    # via fastapi
    # via optree
    # via pydantic
    # via pydantic-core
    # via tensorflow-intel
    # via typer
ujson==5.10.0
    # via fastapi
urllib3==2.2.1
    # via requests
uvicorn==0.29.0
    # via fastapi
    # via mystroke-api
watchfiles==0.21.0
    # via uvicorn
websockets==12.0
    # via uvicorn
werkzeug==3.0.3
    # via tensorboard
wheel==0.43.0
    # via astunparse
wrapt==1.16.0
    # via tensorflow-intel
